
Microsoft Visual Studio Solution File, Format Version 12.00
# Visual Studio Version 17
VisualStudioVersion = 17.9.34723.18
MinimumVisualStudioVersion = 10.0.40219.1
Project("{FAE04EC0-301F-11D3-BF4B-00C04F79EFBC}") = "JJDev.LocalDataService", "JJDev.LocalDataService\JJDev.LocalDataService.csproj", "{0E7B29D9-6017-451A-8CEB-99BF67D3C953}"
EndProject
Project("{FAE04EC0-301F-11D3-BF4B-00C04F79EFBC}") = "JJDev.UnitTests", "JJDev.UnitTests\JJDev.UnitTests.csproj", "{0E8B3F58-FCB9-4FA4-AFA1-AB28DE905FC5}"
EndProject
Project("{FAE04EC0-301F-11D3-BF4B-00C04F79EFBC}") = "WPF.TestApplication", "WPF.TestApplication\WPF.TestApplication.csproj", "{0E2284A7-4F96-4AC9-8B72-74B792F33BB8}"
EndProject
Project("{2150E333-8FDC-42A3-9474-1A3956D46DE8}") = "Solution Items", "Solution Items", "{0C66D447-592B-45C1-827D-B1E504528B77}"
	ProjectSection(SolutionItems) = preProject
		todo.txt = todo.txt
	EndProjectSection
EndProject
Global
	GlobalSection(SolutionConfigurationPlatforms) = preSolution
		Debug|Any CPU = Debug|Any CPU
		Release|Any CPU = Release|Any CPU
	EndGlobalSection
	GlobalSection(ProjectConfigurationPlatforms) = postSolution
		{0E7B29D9-6017-451A-8CEB-99BF67D3C953}.Debug|Any CPU.ActiveCfg = Debug|Any CPU
		{0E7B29D9-6017-451A-8CEB-99BF67D3C953}.Debug|Any CPU.Build.0 = Debug|Any CPU
		{0E7B29D9-6017-451A-8CEB-99BF67D3C953}.Release|Any CPU.ActiveCfg = Release|Any CPU
		{0E7B29D9-6017-451A-8CEB-99BF67D3C953}.Release|Any CPU.Build.0 = Release|Any CPU
		{0E8B3F58-FCB9-4FA4-AFA1-AB28DE905FC5}.Debug|Any CPU.ActiveCfg = Debug|Any CPU
		{0E8B3F58-FCB9-4FA4-AFA1-AB28DE905FC5}.Debug|Any CPU.Build.0 = Debug|Any CPU
		{0E8B3F58-FCB9-4FA4-AFA1-AB28DE905FC5}.Release|Any CPU.ActiveCfg = Release|Any CPU
		{0E8B3F58-FCB9-4FA4-AFA1-AB28DE905FC5}.Release|Any CPU.Build.0 = Release|Any CPU
		{0E2284A7-4F96-4AC9-8B72-74B792F33BB8}.Debug|Any CPU.ActiveCfg = Debug|Any CPU
		{0E2284A7-4F96-4AC9-8B72-74B792F33BB8}.Debug|Any CPU.Build.0 = Debug|Any CPU
		{0E2284A7-4F96-4AC9-8B72-74B792F33BB8}.Release|Any CPU.ActiveCfg = Release|Any CPU
		{0E2284A7-4F96-4AC9-8B72-74B792F33BB8}.Release|Any CPU.Build.0 = Release|Any CPU
	EndGlobalSection
	GlobalSection(SolutionProperties) = preSolution
		HideSolutionNode = FALSE
	EndGlobalSection
	GlobalSection(ExtensibilityGlobals) = postSolution
		SolutionGuid = {291DDF97-4936-4811-95C1-45348A7C989D}
	EndGlobalSection
EndGlobal
